
Microsoft Visual Studio Solution File, Format Version 12.00
# Visual Studio Version 17
VisualStudioVersion = 17.0.31903.59
MinimumVisualStudioVersion = 10.0.40219.1
Project("{FAE04EC0-301F-11D3-BF4B-00C04F79EFBC}") = "21.106-10-Restoran", "21.106-10-Restoran\21.106-10-Restoran.csproj", "{B4F33863-6E7B-4117-BD10-E7BCC8D5EED9}"
EndProject
Global
	GlobalSection(SolutionConfigurationPlatforms) = preSolution
		Debug|Any CPU = Debug|Any CPU
		Release|Any CPU = Release|Any CPU
	EndGlobalSection
	GlobalSection(ProjectConfigurationPlatforms) = postSolution
		{B4F33863-6E7B-4117-BD10-E7BCC8D5EED9}.Debug|Any CPU.ActiveCfg = Debug|Any CPU
		{B4F33863-6E7B-4117-BD10-E7BCC8D5EED9}.Debug|Any CPU.Build.0 = Debug|Any CPU
		{B4F33863-6E7B-4117-BD10-E7BCC8D5EED9}.Release|Any CPU.ActiveCfg = Release|Any CPU
		{B4F33863-6E7B-4117-BD10-E7BCC8D5EED9}.Release|Any CPU.Build.0 = Release|Any CPU
	EndGlobalSection
	GlobalSection(SolutionProperties) = preSolution
		HideSolutionNode = FALSE
	EndGlobalSection
	GlobalSection(ExtensibilityGlobals) = postSolution
		SolutionGuid = {7ABD60B8-BC33-439E-B528-D3C07FB31030}
	EndGlobalSection
EndGlobal
